// !$*UTF8*$!
{
	archiveVersion = 1;
	classes = {
	};
	objectVersion = 50;
	objects = {

/* Begin PBXBuildFile section */
		4238FE776DD1956A9656E91F /* Pods_Running2WinGroupTimerTests.framework in Frameworks */ = {isa = PBXBuildFile; fileRef = 8B53D61548EB02151331F901 /* Pods_Running2WinGroupTimerTests.framework */; };
		D477F2C1EC06DC284F58EB4B /* Pods_Running2WinGroupTimer.framework in Frameworks */ = {isa = PBXBuildFile; fileRef = 1259BAD86F4B8D4E56D9CC2F /* Pods_Running2WinGroupTimer.framework */; };
		FD0B49AD22234E9100090D16 /* TeamHandler.swift in Sources */ = {isa = PBXBuildFile; fileRef = FD0B49AC22234E9100090D16 /* TeamHandler.swift */; };
		FD0B49B022237A9900090D16 /* MainStopwatchTimerModel.swift in Sources */ = {isa = PBXBuildFile; fileRef = FD0B49AF22237A9900090D16 /* MainStopwatchTimerModel.swift */; };
		FD0B49B222245E1800090D16 /* MainStopwatchHandler.swift in Sources */ = {isa = PBXBuildFile; fileRef = FD0B49B122245E1800090D16 /* MainStopwatchHandler.swift */; };
		FD0B49B42224954D00090D16 /* MainStopwatch.swift in Sources */ = {isa = PBXBuildFile; fileRef = FD0B49B32224954D00090D16 /* MainStopwatch.swift */; };
		FD0B49B6222C727300090D16 /* RelayEngine.swift in Sources */ = {isa = PBXBuildFile; fileRef = FD0B49B5222C727300090D16 /* RelayEngine.swift */; };
		FD0B49BB2231F00D00090D16 /* FormElements.swift in Sources */ = {isa = PBXBuildFile; fileRef = FD0B49BA2231F00D00090D16 /* FormElements.swift */; };
		FD0B49BD2231F31000090D16 /* TeamData.swift in Sources */ = {isa = PBXBuildFile; fileRef = FD0B49BC2231F31000090D16 /* TeamData.swift */; };
		FD0B49BF2236C31100090D16 /* Colors.swift in Sources */ = {isa = PBXBuildFile; fileRef = FD0B49BE2236C31100090D16 /* Colors.swift */; };
		FD667FB52191F85D00715784 /* MasterHomeViewController.swift in Sources */ = {isa = PBXBuildFile; fileRef = FD667FB42191F85D00715784 /* MasterHomeViewController.swift */; };
		FD667FB72198BE8500715784 /* RunnerModel.swift in Sources */ = {isa = PBXBuildFile; fileRef = FD667FB62198BE8500715784 /* RunnerModel.swift */; };
		FD667FB92198D67200715784 /* AlertsViewController.swift in Sources */ = {isa = PBXBuildFile; fileRef = FD667FB82198D67200715784 /* AlertsViewController.swift */; };
		FD667FBB219F450100715784 /* TimerModel.swift in Sources */ = {isa = PBXBuildFile; fileRef = FD667FBA219F450100715784 /* TimerModel.swift */; };
		FD667FBD21AF097B00715784 /* Extensions.swift in Sources */ = {isa = PBXBuildFile; fileRef = FD667FBC21AF097B00715784 /* Extensions.swift */; };
		FD6AA8B6220BA48B006DE55D /* RunnerHandler.swift in Sources */ = {isa = PBXBuildFile; fileRef = FD6AA8B5220BA48B006DE55D /* RunnerHandler.swift */; };
		FDE8F5BC2181144600E56B93 /* AppDelegate.swift in Sources */ = {isa = PBXBuildFile; fileRef = FDE8F5BB2181144600E56B93 /* AppDelegate.swift */; };
		FDE8F5BE2181144600E56B93 /* ViewController.swift in Sources */ = {isa = PBXBuildFile; fileRef = FDE8F5BD2181144600E56B93 /* ViewController.swift */; };
		FDE8F5C12181144600E56B93 /* Main.storyboard in Resources */ = {isa = PBXBuildFile; fileRef = FDE8F5BF2181144600E56B93 /* Main.storyboard */; };
		FDE8F5C32181144800E56B93 /* Assets.xcassets in Resources */ = {isa = PBXBuildFile; fileRef = FDE8F5C22181144800E56B93 /* Assets.xcassets */; };
		FDE8F5C62181144800E56B93 /* LaunchScreen.storyboard in Resources */ = {isa = PBXBuildFile; fileRef = FDE8F5C42181144800E56B93 /* LaunchScreen.storyboard */; };
		FDE8F5D12181144800E56B93 /* EurekaTesterTests.swift in Sources */ = {isa = PBXBuildFile; fileRef = FDE8F5D02181144800E56B93 /* EurekaTesterTests.swift */; };
		FDE8F5DC2181153F00E56B93 /* MasterFormViewController.swift in Sources */ = {isa = PBXBuildFile; fileRef = FDE8F5DB2181153F00E56B93 /* MasterFormViewController.swift */; };
/* End PBXBuildFile section */

/* Begin PBXContainerItemProxy section */
		FDE8F5CD2181144800E56B93 /* PBXContainerItemProxy */ = {
			isa = PBXContainerItemProxy;
			containerPortal = FDE8F5B02181144600E56B93 /* Project object */;
			proxyType = 1;
			remoteGlobalIDString = FDE8F5B72181144600E56B93;
			remoteInfo = EurekaTester;
		};
/* End PBXContainerItemProxy section */

/* Begin PBXCopyFilesBuildPhase section */
		FDE8F5E02182387100E56B93 /* Embed Frameworks */ = {
			isa = PBXCopyFilesBuildPhase;
			buildActionMask = 2147483647;
			dstPath = "";
			dstSubfolderSpec = 10;
			files = (
			);
			name = "Embed Frameworks";
			runOnlyForDeploymentPostprocessing = 0;
		};
/* End PBXCopyFilesBuildPhase section */

/* Begin PBXFileReference section */
		1259BAD86F4B8D4E56D9CC2F /* Pods_Running2WinGroupTimer.framework */ = {isa = PBXFileReference; explicitFileType = wrapper.framework; includeInIndex = 0; path = Pods_Running2WinGroupTimer.framework; sourceTree = BUILT_PRODUCTS_DIR; };
		3D1DBB83A5B3F8D298C0DC19 /* Pods-Running2WinGroupTimerTests.debug.xcconfig */ = {isa = PBXFileReference; includeInIndex = 1; lastKnownFileType = text.xcconfig; name = "Pods-Running2WinGroupTimerTests.debug.xcconfig"; path = "Pods/Target Support Files/Pods-Running2WinGroupTimerTests/Pods-Running2WinGroupTimerTests.debug.xcconfig"; sourceTree = "<group>"; };
		8033841D8EFE836EA3024A47 /* Pods-Running2WinGroupTimerTests.release.xcconfig */ = {isa = PBXFileReference; includeInIndex = 1; lastKnownFileType = text.xcconfig; name = "Pods-Running2WinGroupTimerTests.release.xcconfig"; path = "Pods/Target Support Files/Pods-Running2WinGroupTimerTests/Pods-Running2WinGroupTimerTests.release.xcconfig"; sourceTree = "<group>"; };
		8B53D61548EB02151331F901 /* Pods_Running2WinGroupTimerTests.framework */ = {isa = PBXFileReference; explicitFileType = wrapper.framework; includeInIndex = 0; path = Pods_Running2WinGroupTimerTests.framework; sourceTree = BUILT_PRODUCTS_DIR; };
		B53772D859EFE392A0E2C461 /* Pods-Running2WinGroupTimer.release.xcconfig */ = {isa = PBXFileReference; includeInIndex = 1; lastKnownFileType = text.xcconfig; name = "Pods-Running2WinGroupTimer.release.xcconfig"; path = "Pods/Target Support Files/Pods-Running2WinGroupTimer/Pods-Running2WinGroupTimer.release.xcconfig"; sourceTree = "<group>"; };
		B8449B7DF341800F5C655D1A /* Pods-Running2WinGroupTimer.debug.xcconfig */ = {isa = PBXFileReference; includeInIndex = 1; lastKnownFileType = text.xcconfig; name = "Pods-Running2WinGroupTimer.debug.xcconfig"; path = "Pods/Target Support Files/Pods-Running2WinGroupTimer/Pods-Running2WinGroupTimer.debug.xcconfig"; sourceTree = "<group>"; };
		FD0B49AC22234E9100090D16 /* TeamHandler.swift */ = {isa = PBXFileReference; lastKnownFileType = sourcecode.swift; path = TeamHandler.swift; sourceTree = "<group>"; };
		FD0B49AF22237A9900090D16 /* MainStopwatchTimerModel.swift */ = {isa = PBXFileReference; lastKnownFileType = sourcecode.swift; path = MainStopwatchTimerModel.swift; sourceTree = "<group>"; };
		FD0B49B122245E1800090D16 /* MainStopwatchHandler.swift */ = {isa = PBXFileReference; lastKnownFileType = sourcecode.swift; path = MainStopwatchHandler.swift; sourceTree = "<group>"; };
		FD0B49B32224954D00090D16 /* MainStopwatch.swift */ = {isa = PBXFileReference; lastKnownFileType = sourcecode.swift; path = MainStopwatch.swift; sourceTree = "<group>"; };
		FD0B49B5222C727300090D16 /* RelayEngine.swift */ = {isa = PBXFileReference; lastKnownFileType = sourcecode.swift; path = RelayEngine.swift; sourceTree = "<group>"; };
		FD0B49B7222F693700090D16 /* Running2WinGroupTimer.entitlements */ = {isa = PBXFileReference; lastKnownFileType = text.plist.entitlements; path = Running2WinGroupTimer.entitlements; sourceTree = "<group>"; };
		FD0B49BA2231F00D00090D16 /* FormElements.swift */ = {isa = PBXFileReference; lastKnownFileType = sourcecode.swift; path = FormElements.swift; sourceTree = "<group>"; };
		FD0B49BC2231F31000090D16 /* TeamData.swift */ = {isa = PBXFileReference; lastKnownFileType = sourcecode.swift; path = TeamData.swift; sourceTree = "<group>"; };
		FD0B49BE2236C31100090D16 /* Colors.swift */ = {isa = PBXFileReference; lastKnownFileType = sourcecode.swift; path = Colors.swift; sourceTree = "<group>"; };
		FD667FB42191F85D00715784 /* MasterHomeViewController.swift */ = {isa = PBXFileReference; lastKnownFileType = sourcecode.swift; path = MasterHomeViewController.swift; sourceTree = "<group>"; };
		FD667FB62198BE8500715784 /* RunnerModel.swift */ = {isa = PBXFileReference; lastKnownFileType = sourcecode.swift; path = RunnerModel.swift; sourceTree = "<group>"; };
		FD667FB82198D67200715784 /* AlertsViewController.swift */ = {isa = PBXFileReference; lastKnownFileType = sourcecode.swift; path = AlertsViewController.swift; sourceTree = "<group>"; };
		FD667FBA219F450100715784 /* TimerModel.swift */ = {isa = PBXFileReference; lastKnownFileType = sourcecode.swift; path = TimerModel.swift; sourceTree = "<group>"; };
		FD667FBC21AF097B00715784 /* Extensions.swift */ = {isa = PBXFileReference; lastKnownFileType = sourcecode.swift; path = Extensions.swift; sourceTree = "<group>"; };
		FD6AA8B5220BA48B006DE55D /* RunnerHandler.swift */ = {isa = PBXFileReference; lastKnownFileType = sourcecode.swift; path = RunnerHandler.swift; sourceTree = "<group>"; };
		FDE8F5B82181144600E56B93 /* Running2WinGroupTimer.app */ = {isa = PBXFileReference; explicitFileType = wrapper.application; includeInIndex = 0; path = Running2WinGroupTimer.app; sourceTree = BUILT_PRODUCTS_DIR; };
		FDE8F5BB2181144600E56B93 /* AppDelegate.swift */ = {isa = PBXFileReference; lastKnownFileType = sourcecode.swift; path = AppDelegate.swift; sourceTree = "<group>"; };
		FDE8F5BD2181144600E56B93 /* ViewController.swift */ = {isa = PBXFileReference; lastKnownFileType = sourcecode.swift; path = ViewController.swift; sourceTree = "<group>"; };
		FDE8F5C02181144600E56B93 /* Base */ = {isa = PBXFileReference; lastKnownFileType = file.storyboard; name = Base; path = Base.lproj/Main.storyboard; sourceTree = "<group>"; };
		FDE8F5C22181144800E56B93 /* Assets.xcassets */ = {isa = PBXFileReference; lastKnownFileType = folder.assetcatalog; path = Assets.xcassets; sourceTree = "<group>"; };
		FDE8F5C52181144800E56B93 /* Base */ = {isa = PBXFileReference; lastKnownFileType = file.storyboard; name = Base; path = Base.lproj/LaunchScreen.storyboard; sourceTree = "<group>"; };
		FDE8F5C72181144800E56B93 /* Info.plist */ = {isa = PBXFileReference; lastKnownFileType = text.plist.xml; path = Info.plist; sourceTree = "<group>"; };
		FDE8F5CC2181144800E56B93 /* Running2WinGroupTimerTests.xctest */ = {isa = PBXFileReference; explicitFileType = wrapper.cfbundle; includeInIndex = 0; path = Running2WinGroupTimerTests.xctest; sourceTree = BUILT_PRODUCTS_DIR; };
		FDE8F5D02181144800E56B93 /* EurekaTesterTests.swift */ = {isa = PBXFileReference; lastKnownFileType = sourcecode.swift; path = EurekaTesterTests.swift; sourceTree = "<group>"; };
		FDE8F5D22181144800E56B93 /* Info.plist */ = {isa = PBXFileReference; lastKnownFileType = text.plist.xml; path = Info.plist; sourceTree = "<group>"; };
		FDE8F5DB2181153F00E56B93 /* MasterFormViewController.swift */ = {isa = PBXFileReference; lastKnownFileType = sourcecode.swift; path = MasterFormViewController.swift; sourceTree = "<group>"; };
/* End PBXFileReference section */

/* Begin PBXFrameworksBuildPhase section */
		FDE8F5B52181144600E56B93 /* Frameworks */ = {
			isa = PBXFrameworksBuildPhase;
			buildActionMask = 2147483647;
			files = (
				D477F2C1EC06DC284F58EB4B /* Pods_Running2WinGroupTimer.framework in Frameworks */,
			);
			runOnlyForDeploymentPostprocessing = 0;
		};
		FDE8F5C92181144800E56B93 /* Frameworks */ = {
			isa = PBXFrameworksBuildPhase;
			buildActionMask = 2147483647;
			files = (
				4238FE776DD1956A9656E91F /* Pods_Running2WinGroupTimerTests.framework in Frameworks */,
			);
			runOnlyForDeploymentPostprocessing = 0;
		};
/* End PBXFrameworksBuildPhase section */

/* Begin PBXGroup section */
		8A3E5BED913613D08713B97D /* Pods */ = {
			isa = PBXGroup;
			children = (
				B8449B7DF341800F5C655D1A /* Pods-Running2WinGroupTimer.debug.xcconfig */,
				B53772D859EFE392A0E2C461 /* Pods-Running2WinGroupTimer.release.xcconfig */,
				3D1DBB83A5B3F8D298C0DC19 /* Pods-Running2WinGroupTimerTests.debug.xcconfig */,
				8033841D8EFE836EA3024A47 /* Pods-Running2WinGroupTimerTests.release.xcconfig */,
			);
			name = Pods;
			sourceTree = "<group>";
		};
		F99861B31C6EB113972F470A /* Frameworks */ = {
			isa = PBXGroup;
			children = (
				1259BAD86F4B8D4E56D9CC2F /* Pods_Running2WinGroupTimer.framework */,
				8B53D61548EB02151331F901 /* Pods_Running2WinGroupTimerTests.framework */,
			);
			name = Frameworks;
			sourceTree = "<group>";
		};
		FD0B49AB22234D9C00090D16 /* Runners */ = {
			isa = PBXGroup;
			children = (
				FD667FB62198BE8500715784 /* RunnerModel.swift */,
				FD6AA8B5220BA48B006DE55D /* RunnerHandler.swift */,
				FD667FBA219F450100715784 /* TimerModel.swift */,
				FD0B49AC22234E9100090D16 /* TeamHandler.swift */,
				FD0B49AF22237A9900090D16 /* MainStopwatchTimerModel.swift */,
				FD0B49B122245E1800090D16 /* MainStopwatchHandler.swift */,
				FD0B49B32224954D00090D16 /* MainStopwatch.swift */,
				FD0B49B5222C727300090D16 /* RelayEngine.swift */,
			);
			path = Runners;
			sourceTree = "<group>";
		};
		FDE8F5AF2181144600E56B93 = {
			isa = PBXGroup;
			children = (
				FD0B49B7222F693700090D16 /* Running2WinGroupTimer.entitlements */,
				FDE8F5BA2181144600E56B93 /* EurekaTester */,
				FDE8F5CF2181144800E56B93 /* EurekaTesterTests */,
				FDE8F5B92181144600E56B93 /* Products */,
				8A3E5BED913613D08713B97D /* Pods */,
				F99861B31C6EB113972F470A /* Frameworks */,
			);
			sourceTree = "<group>";
		};
		FDE8F5B92181144600E56B93 /* Products */ = {
			isa = PBXGroup;
			children = (
				FDE8F5B82181144600E56B93 /* Running2WinGroupTimer.app */,
				FDE8F5CC2181144800E56B93 /* Running2WinGroupTimerTests.xctest */,
			);
			name = Products;
			sourceTree = "<group>";
		};
		FDE8F5BA2181144600E56B93 /* EurekaTester */ = {
			isa = PBXGroup;
			children = (
				FD0B49AB22234D9C00090D16 /* Runners */,
				FDE8F5BB2181144600E56B93 /* AppDelegate.swift */,
				FDE8F5BD2181144600E56B93 /* ViewController.swift */,
				FDE8F5BF2181144600E56B93 /* Main.storyboard */,
				FDE8F5C22181144800E56B93 /* Assets.xcassets */,
				FDE8F5C42181144800E56B93 /* LaunchScreen.storyboard */,
				FDE8F5C72181144800E56B93 /* Info.plist */,
				FD667FB42191F85D00715784 /* MasterHomeViewController.swift */,
				FDE8F5DB2181153F00E56B93 /* MasterFormViewController.swift */,
				FD667FB82198D67200715784 /* AlertsViewController.swift */,
				FD667FBC21AF097B00715784 /* Extensions.swift */,
				FD0B49BA2231F00D00090D16 /* FormElements.swift */,
				FD0B49BC2231F31000090D16 /* TeamData.swift */,
				FD0B49BE2236C31100090D16 /* Colors.swift */,
			);
			path = EurekaTester;
			sourceTree = "<group>";
		};
		FDE8F5CF2181144800E56B93 /* EurekaTesterTests */ = {
			isa = PBXGroup;
			children = (
				FDE8F5D02181144800E56B93 /* EurekaTesterTests.swift */,
				FDE8F5D22181144800E56B93 /* Info.plist */,
			);
			path = EurekaTesterTests;
			sourceTree = "<group>";
		};
/* End PBXGroup section */

/* Begin PBXNativeTarget section */
		FDE8F5B72181144600E56B93 /* Running2WinGroupTimer */ = {
			isa = PBXNativeTarget;
			buildConfigurationList = FDE8F5D52181144800E56B93 /* Build configuration list for PBXNativeTarget "Running2WinGroupTimer" */;
			buildPhases = (
				B66A53EEA0364C31D13F190F /* [CP] Check Pods Manifest.lock */,
				FDE8F5B42181144600E56B93 /* Sources */,
				FDE8F5B52181144600E56B93 /* Frameworks */,
				FDE8F5B62181144600E56B93 /* Resources */,
				FDE8F5E02182387100E56B93 /* Embed Frameworks */,
				5E03DC121684CA6C52484C5B /* [CP] Embed Pods Frameworks */,
			);
			buildRules = (
			);
			dependencies = (
			);
			name = Running2WinGroupTimer;
			productName = EurekaTester;
			productReference = FDE8F5B82181144600E56B93 /* Running2WinGroupTimer.app */;
			productType = "com.apple.product-type.application";
		};
		FDE8F5CB2181144800E56B93 /* Running2WinGroupTimerTests */ = {
			isa = PBXNativeTarget;
			buildConfigurationList = FDE8F5D82181144800E56B93 /* Build configuration list for PBXNativeTarget "Running2WinGroupTimerTests" */;
			buildPhases = (
				BB37F3A2BA370275C5D859E3 /* [CP] Check Pods Manifest.lock */,
				FDE8F5C82181144800E56B93 /* Sources */,
				FDE8F5C92181144800E56B93 /* Frameworks */,
				FDE8F5CA2181144800E56B93 /* Resources */,
			);
			buildRules = (
			);
			dependencies = (
				FDE8F5CE2181144800E56B93 /* PBXTargetDependency */,
			);
			name = Running2WinGroupTimerTests;
			productName = EurekaTesterTests;
			productReference = FDE8F5CC2181144800E56B93 /* Running2WinGroupTimerTests.xctest */;
			productType = "com.apple.product-type.bundle.unit-test";
		};
/* End PBXNativeTarget section */

/* Begin PBXProject section */
		FDE8F5B02181144600E56B93 /* Project object */ = {
			isa = PBXProject;
			attributes = {
				LastSwiftUpdateCheck = 1000;
				LastUpgradeCheck = 1000;
				ORGANIZATIONNAME = "Ian Fitzgerald";
				TargetAttributes = {
					FDE8F5B72181144600E56B93 = {
						CreatedOnToolsVersion = 10.0;
						SystemCapabilities = {
							com.apple.BackgroundModes = {
								enabled = 0;
							};
							com.apple.iCloud = {
								enabled = 1;
							};
						};
					};
					FDE8F5CB2181144800E56B93 = {
						CreatedOnToolsVersion = 10.0;
						TestTargetID = FDE8F5B72181144600E56B93;
					};
				};
			};
			buildConfigurationList = FDE8F5B32181144600E56B93 /* Build configuration list for PBXProject "Running2WinGroupTimer" */;
			compatibilityVersion = "Xcode 9.3";
			developmentRegion = en;
			hasScannedForEncodings = 0;
			knownRegions = (
				en,
				Base,
			);
			mainGroup = FDE8F5AF2181144600E56B93;
			productRefGroup = FDE8F5B92181144600E56B93 /* Products */;
			projectDirPath = "";
			projectRoot = "";
			targets = (
				FDE8F5B72181144600E56B93 /* Running2WinGroupTimer */,
				FDE8F5CB2181144800E56B93 /* Running2WinGroupTimerTests */,
			);
		};
/* End PBXProject section */

/* Begin PBXResourcesBuildPhase section */
		FDE8F5B62181144600E56B93 /* Resources */ = {
			isa = PBXResourcesBuildPhase;
			buildActionMask = 2147483647;
			files = (
				FDE8F5C62181144800E56B93 /* LaunchScreen.storyboard in Resources */,
				FDE8F5C32181144800E56B93 /* Assets.xcassets in Resources */,
				FDE8F5C12181144600E56B93 /* Main.storyboard in Resources */,
			);
			runOnlyForDeploymentPostprocessing = 0;
		};
		FDE8F5CA2181144800E56B93 /* Resources */ = {
			isa = PBXResourcesBuildPhase;
			buildActionMask = 2147483647;
			files = (
			);
			runOnlyForDeploymentPostprocessing = 0;
		};
/* End PBXResourcesBuildPhase section */

/* Begin PBXShellScriptBuildPhase section */
		5E03DC121684CA6C52484C5B /* [CP] Embed Pods Frameworks */ = {
			isa = PBXShellScriptBuildPhase;
			buildActionMask = 2147483647;
			files = (
			);
			inputPaths = (
				"${SRCROOT}/Pods/Target Support Files/Pods-Running2WinGroupTimer/Pods-Running2WinGroupTimer-frameworks.sh",
				"${BUILT_PRODUCTS_DIR}/Eureka/Eureka.framework",
			);
			name = "[CP] Embed Pods Frameworks";
			outputPaths = (
				"${TARGET_BUILD_DIR}/${FRAMEWORKS_FOLDER_PATH}/Eureka.framework",
			);
			runOnlyForDeploymentPostprocessing = 0;
			shellPath = /bin/sh;
			shellScript = "\"${SRCROOT}/Pods/Target Support Files/Pods-Running2WinGroupTimer/Pods-Running2WinGroupTimer-frameworks.sh\"\n";
			showEnvVarsInLog = 0;
		};
		B66A53EEA0364C31D13F190F /* [CP] Check Pods Manifest.lock */ = {
			isa = PBXShellScriptBuildPhase;
			buildActionMask = 2147483647;
			files = (
			);
			inputPaths = (
				"${PODS_PODFILE_DIR_PATH}/Podfile.lock",
				"${PODS_ROOT}/Manifest.lock",
			);
			name = "[CP] Check Pods Manifest.lock";
			outputPaths = (
				"$(DERIVED_FILE_DIR)/Pods-Running2WinGroupTimer-checkManifestLockResult.txt",
			);
			runOnlyForDeploymentPostprocessing = 0;
			shellPath = /bin/sh;
			shellScript = "diff \"${PODS_PODFILE_DIR_PATH}/Podfile.lock\" \"${PODS_ROOT}/Manifest.lock\" > /dev/null\nif [ $? != 0 ] ; then\n    # print error to STDERR\n    echo \"error: The sandbox is not in sync with the Podfile.lock. Run 'pod install' or update your CocoaPods installation.\" >&2\n    exit 1\nfi\n# This output is used by Xcode 'outputs' to avoid re-running this script phase.\necho \"SUCCESS\" > \"${SCRIPT_OUTPUT_FILE_0}\"\n";
			showEnvVarsInLog = 0;
		};
		BB37F3A2BA370275C5D859E3 /* [CP] Check Pods Manifest.lock */ = {
			isa = PBXShellScriptBuildPhase;
			buildActionMask = 2147483647;
			files = (
			);
			inputPaths = (
				"${PODS_PODFILE_DIR_PATH}/Podfile.lock",
				"${PODS_ROOT}/Manifest.lock",
			);
			name = "[CP] Check Pods Manifest.lock";
			outputPaths = (
				"$(DERIVED_FILE_DIR)/Pods-Running2WinGroupTimerTests-checkManifestLockResult.txt",
			);
			runOnlyForDeploymentPostprocessing = 0;
			shellPath = /bin/sh;
			shellScript = "diff \"${PODS_PODFILE_DIR_PATH}/Podfile.lock\" \"${PODS_ROOT}/Manifest.lock\" > /dev/null\nif [ $? != 0 ] ; then\n    # print error to STDERR\n    echo \"error: The sandbox is not in sync with the Podfile.lock. Run 'pod install' or update your CocoaPods installation.\" >&2\n    exit 1\nfi\n# This output is used by Xcode 'outputs' to avoid re-running this script phase.\necho \"SUCCESS\" > \"${SCRIPT_OUTPUT_FILE_0}\"\n";
			showEnvVarsInLog = 0;
		};
/* End PBXShellScriptBuildPhase section */

/* Begin PBXSourcesBuildPhase section */
		FDE8F5B42181144600E56B93 /* Sources */ = {
			isa = PBXSourcesBuildPhase;
			buildActionMask = 2147483647;
			files = (
				FDE8F5DC2181153F00E56B93 /* MasterFormViewController.swift in Sources */,
				FD6AA8B6220BA48B006DE55D /* RunnerHandler.swift in Sources */,
				FD667FB92198D67200715784 /* AlertsViewController.swift in Sources */,
				FD0B49BF2236C31100090D16 /* Colors.swift in Sources */,
				FD667FB52191F85D00715784 /* MasterHomeViewController.swift in Sources */,
				FD0B49B42224954D00090D16 /* MainStopwatch.swift in Sources */,
				FD667FBD21AF097B00715784 /* Extensions.swift in Sources */,
				FD0B49B6222C727300090D16 /* RelayEngine.swift in Sources */,
				FDE8F5BE2181144600E56B93 /* ViewController.swift in Sources */,
				FD667FBB219F450100715784 /* TimerModel.swift in Sources */,
				FD0B49AD22234E9100090D16 /* TeamHandler.swift in Sources */,
				FD0B49BD2231F31000090D16 /* TeamData.swift in Sources */,
				FD0B49B022237A9900090D16 /* MainStopwatchTimerModel.swift in Sources */,
				FDE8F5BC2181144600E56B93 /* AppDelegate.swift in Sources */,
				FD667FB72198BE8500715784 /* RunnerModel.swift in Sources */,
				FD0B49B222245E1800090D16 /* MainStopwatchHandler.swift in Sources */,
				FD0B49BB2231F00D00090D16 /* FormElements.swift in Sources */,
			);
			runOnlyForDeploymentPostprocessing = 0;
		};
		FDE8F5C82181144800E56B93 /* Sources */ = {
			isa = PBXSourcesBuildPhase;
			buildActionMask = 2147483647;
			files = (
				FDE8F5D12181144800E56B93 /* EurekaTesterTests.swift in Sources */,
			);
			runOnlyForDeploymentPostprocessing = 0;
		};
/* End PBXSourcesBuildPhase section */

/* Begin PBXTargetDependency section */
		FDE8F5CE2181144800E56B93 /* PBXTargetDependency */ = {
			isa = PBXTargetDependency;
			target = FDE8F5B72181144600E56B93 /* Running2WinGroupTimer */;
			targetProxy = FDE8F5CD2181144800E56B93 /* PBXContainerItemProxy */;
		};
/* End PBXTargetDependency section */

/* Begin PBXVariantGroup section */
		FDE8F5BF2181144600E56B93 /* Main.storyboard */ = {
			isa = PBXVariantGroup;
			children = (
				FDE8F5C02181144600E56B93 /* Base */,
			);
			name = Main.storyboard;
			sourceTree = "<group>";
		};
		FDE8F5C42181144800E56B93 /* LaunchScreen.storyboard */ = {
			isa = PBXVariantGroup;
			children = (
				FDE8F5C52181144800E56B93 /* Base */,
			);
			name = LaunchScreen.storyboard;
			sourceTree = "<group>";
		};
/* End PBXVariantGroup section */

/* Begin XCBuildConfiguration section */
		FDE8F5D32181144800E56B93 /* Debug */ = {
			isa = XCBuildConfiguration;
			buildSettings = {
				ALWAYS_SEARCH_USER_PATHS = NO;
				CLANG_ANALYZER_NONNULL = YES;
				CLANG_ANALYZER_NUMBER_OBJECT_CONVERSION = YES_AGGRESSIVE;
				CLANG_CXX_LANGUAGE_STANDARD = "gnu++14";
				CLANG_CXX_LIBRARY = "libc++";
				CLANG_ENABLE_MODULES = YES;
				CLANG_ENABLE_OBJC_ARC = YES;
				CLANG_ENABLE_OBJC_WEAK = YES;
				CLANG_WARN_BLOCK_CAPTURE_AUTORELEASING = YES;
				CLANG_WARN_BOOL_CONVERSION = YES;
				CLANG_WARN_COMMA = YES;
				CLANG_WARN_CONSTANT_CONVERSION = YES;
				CLANG_WARN_DEPRECATED_OBJC_IMPLEMENTATIONS = YES;
				CLANG_WARN_DIRECT_OBJC_ISA_USAGE = YES_ERROR;
				CLANG_WARN_DOCUMENTATION_COMMENTS = YES;
				CLANG_WARN_EMPTY_BODY = YES;
				CLANG_WARN_ENUM_CONVERSION = YES;
				CLANG_WARN_INFINITE_RECURSION = YES;
				CLANG_WARN_INT_CONVERSION = YES;
				CLANG_WARN_NON_LITERAL_NULL_CONVERSION = YES;
				CLANG_WARN_OBJC_IMPLICIT_RETAIN_SELF = YES;
				CLANG_WARN_OBJC_LITERAL_CONVERSION = YES;
				CLANG_WARN_OBJC_ROOT_CLASS = YES_ERROR;
				CLANG_WARN_RANGE_LOOP_ANALYSIS = YES;
				CLANG_WARN_STRICT_PROTOTYPES = YES;
				CLANG_WARN_SUSPICIOUS_MOVE = YES;
				CLANG_WARN_UNGUARDED_AVAILABILITY = YES_AGGRESSIVE;
				CLANG_WARN_UNREACHABLE_CODE = YES;
				CLANG_WARN__DUPLICATE_METHOD_MATCH = YES;
				CODE_SIGN_IDENTITY = "iPhone Developer";
				COPY_PHASE_STRIP = NO;
				DEBUG_INFORMATION_FORMAT = dwarf;
				ENABLE_STRICT_OBJC_MSGSEND = YES;
				ENABLE_TESTABILITY = YES;
				GCC_C_LANGUAGE_STANDARD = gnu11;
				GCC_DYNAMIC_NO_PIC = NO;
				GCC_NO_COMMON_BLOCKS = YES;
				GCC_OPTIMIZATION_LEVEL = 0;
				GCC_PREPROCESSOR_DEFINITIONS = (
					"DEBUG=1",
					"$(inherited)",
				);
				GCC_WARN_64_TO_32_BIT_CONVERSION = YES;
				GCC_WARN_ABOUT_RETURN_TYPE = YES_ERROR;
				GCC_WARN_UNDECLARED_SELECTOR = YES;
				GCC_WARN_UNINITIALIZED_AUTOS = YES_AGGRESSIVE;
				GCC_WARN_UNUSED_FUNCTION = YES;
				GCC_WARN_UNUSED_VARIABLE = YES;
				IPHONEOS_DEPLOYMENT_TARGET = 12.0;
				MTL_ENABLE_DEBUG_INFO = INCLUDE_SOURCE;
				MTL_FAST_MATH = YES;
				ONLY_ACTIVE_ARCH = YES;
				SDKROOT = iphoneos;
				SWIFT_ACTIVE_COMPILATION_CONDITIONS = DEBUG;
				SWIFT_OPTIMIZATION_LEVEL = "-Onone";
			};
			name = Debug;
		};
		FDE8F5D42181144800E56B93 /* Release */ = {
			isa = XCBuildConfiguration;
			buildSettings = {
				ALWAYS_SEARCH_USER_PATHS = NO;
				CLANG_ANALYZER_NONNULL = YES;
				CLANG_ANALYZER_NUMBER_OBJECT_CONVERSION = YES_AGGRESSIVE;
				CLANG_CXX_LANGUAGE_STANDARD = "gnu++14";
				CLANG_CXX_LIBRARY = "libc++";
				CLANG_ENABLE_MODULES = YES;
				CLANG_ENABLE_OBJC_ARC = YES;
				CLANG_ENABLE_OBJC_WEAK = YES;
				CLANG_WARN_BLOCK_CAPTURE_AUTORELEASING = YES;
				CLANG_WARN_BOOL_CONVERSION = YES;
				CLANG_WARN_COMMA = YES;
				CLANG_WARN_CONSTANT_CONVERSION = YES;
				CLANG_WARN_DEPRECATED_OBJC_IMPLEMENTATIONS = YES;
				CLANG_WARN_DIRECT_OBJC_ISA_USAGE = YES_ERROR;
				CLANG_WARN_DOCUMENTATION_COMMENTS = YES;
				CLANG_WARN_EMPTY_BODY = YES;
				CLANG_WARN_ENUM_CONVERSION = YES;
				CLANG_WARN_INFINITE_RECURSION = YES;
				CLANG_WARN_INT_CONVERSION = YES;
				CLANG_WARN_NON_LITERAL_NULL_CONVERSION = YES;
				CLANG_WARN_OBJC_IMPLICIT_RETAIN_SELF = YES;
				CLANG_WARN_OBJC_LITERAL_CONVERSION = YES;
				CLANG_WARN_OBJC_ROOT_CLASS = YES_ERROR;
				CLANG_WARN_RANGE_LOOP_ANALYSIS = YES;
				CLANG_WARN_STRICT_PROTOTYPES = YES;
				CLANG_WARN_SUSPICIOUS_MOVE = YES;
				CLANG_WARN_UNGUARDED_AVAILABILITY = YES_AGGRESSIVE;
				CLANG_WARN_UNREACHABLE_CODE = YES;
				CLANG_WARN__DUPLICATE_METHOD_MATCH = YES;
				CODE_SIGN_IDENTITY = "iPhone Developer";
				COPY_PHASE_STRIP = NO;
				DEBUG_INFORMATION_FORMAT = "dwarf-with-dsym";
				ENABLE_NS_ASSERTIONS = NO;
				ENABLE_STRICT_OBJC_MSGSEND = YES;
				GCC_C_LANGUAGE_STANDARD = gnu11;
				GCC_NO_COMMON_BLOCKS = YES;
				GCC_WARN_64_TO_32_BIT_CONVERSION = YES;
				GCC_WARN_ABOUT_RETURN_TYPE = YES_ERROR;
				GCC_WARN_UNDECLARED_SELECTOR = YES;
				GCC_WARN_UNINITIALIZED_AUTOS = YES_AGGRESSIVE;
				GCC_WARN_UNUSED_FUNCTION = YES;
				GCC_WARN_UNUSED_VARIABLE = YES;
				IPHONEOS_DEPLOYMENT_TARGET = 12.0;
				MTL_ENABLE_DEBUG_INFO = NO;
				MTL_FAST_MATH = YES;
				SDKROOT = iphoneos;
				SWIFT_COMPILATION_MODE = wholemodule;
				SWIFT_OPTIMIZATION_LEVEL = "-O";
				VALIDATE_PRODUCT = YES;
			};
			name = Release;
		};
		FDE8F5D62181144800E56B93 /* Debug */ = {
			isa = XCBuildConfiguration;
			baseConfigurationReference = B8449B7DF341800F5C655D1A /* Pods-Running2WinGroupTimer.debug.xcconfig */;
			buildSettings = {
				ASSETCATALOG_COMPILER_APPICON_NAME = AppIcon;
				CODE_SIGN_ENTITLEMENTS = Running2WinGroupTimer.entitlements;
				CODE_SIGN_STYLE = Automatic;
				DEVELOPMENT_TEAM = HV6PR7MP42;
				ENABLE_BITCODE = NO;
				INFOPLIST_FILE = EurekaTester/Info.plist;
				IPHONEOS_DEPLOYMENT_TARGET = 12.0;
				LD_RUNPATH_SEARCH_PATHS = (
					"$(inherited)",
					"@executable_path/Frameworks",
				);
				PRODUCT_BUNDLE_IDENTIFIER = com.example.EurekaTester;
				PRODUCT_NAME = "$(TARGET_NAME)";
				SWIFT_REFLECTION_METADATA_LEVEL = all;
				SWIFT_VERSION = 4.2;
				TARGETED_DEVICE_FAMILY = "1,2";
			};
			name = Debug;
		};
		FDE8F5D72181144800E56B93 /* Release */ = {
			isa = XCBuildConfiguration;
			baseConfigurationReference = B53772D859EFE392A0E2C461 /* Pods-Running2WinGroupTimer.release.xcconfig */;
			buildSettings = {
				ASSETCATALOG_COMPILER_APPICON_NAME = AppIcon;
				CODE_SIGN_ENTITLEMENTS = Running2WinGroupTimer.entitlements;
				CODE_SIGN_STYLE = Automatic;
				DEVELOPMENT_TEAM = HV6PR7MP42;
				ENABLE_BITCODE = NO;
				INFOPLIST_FILE = EurekaTester/Info.plist;
				IPHONEOS_DEPLOYMENT_TARGET = 12.0;
				LD_RUNPATH_SEARCH_PATHS = (
					"$(inherited)",
					"@executable_path/Frameworks",
				);
				PRODUCT_BUNDLE_IDENTIFIER = com.example.EurekaTester;
				PRODUCT_NAME = "$(TARGET_NAME)";
				SWIFT_REFLECTION_METADATA_LEVEL = all;
				SWIFT_VERSION = 4.2;
				TARGETED_DEVICE_FAMILY = "1,2";
			};
			name = Release;
		};
		FDE8F5D92181144800E56B93 /* Debug */ = {
			isa = XCBuildConfiguration;
			baseConfigurationReference = 3D1DBB83A5B3F8D298C0DC19 /* Pods-Running2WinGroupTimerTests.debug.xcconfig */;
			buildSettings = {
				ALWAYS_EMBED_SWIFT_STANDARD_LIBRARIES = YES;
				BUNDLE_LOADER = "$(TEST_HOST)";
				CODE_SIGN_STYLE = Automatic;
				INFOPLIST_FILE = EurekaTesterTests/Info.plist;
				LD_RUNPATH_SEARCH_PATHS = (
					"$(inherited)",
					"@executable_path/Frameworks",
					"@loader_path/Frameworks",
				);
				PRODUCT_BUNDLE_IDENTIFIER = com.example.EurekaTesterTests;
				PRODUCT_NAME = "$(TARGET_NAME)";
				SWIFT_VERSION = 4.2;
				TARGETED_DEVICE_FAMILY = "1,2";
				TEST_HOST = "$(BUILT_PRODUCTS_DIR)/Running2WinGroupTimer.app/Running2WinGroupTimer";
			};
			name = Debug;
		};
		FDE8F5DA2181144800E56B93 /* Release */ = {
			isa = XCBuildConfiguration;
			baseConfigurationReference = 8033841D8EFE836EA3024A47 /* Pods-Running2WinGroupTimerTests.release.xcconfig */;
			buildSettings = {
				ALWAYS_EMBED_SWIFT_STANDARD_LIBRARIES = YES;
				BUNDLE_LOADER = "$(TEST_HOST)";
				CODE_SIGN_STYLE = Automatic;
				INFOPLIST_FILE = EurekaTesterTests/Info.plist;
				LD_RUNPATH_SEARCH_PATHS = (
					"$(inherited)",
					"@executable_path/Frameworks",
					"@loader_path/Frameworks",
				);
				PRODUCT_BUNDLE_IDENTIFIER = com.example.EurekaTesterTests;
				PRODUCT_NAME = "$(TARGET_NAME)";
				SWIFT_VERSION = 4.2;
				TARGETED_DEVICE_FAMILY = "1,2";
				TEST_HOST = "$(BUILT_PRODUCTS_DIR)/Running2WinGroupTimer.app/Running2WinGroupTimer";
			};
			name = Release;
		};
/* End XCBuildConfiguration section */

/* Begin XCConfigurationList section */
		FDE8F5B32181144600E56B93 /* Build configuration list for PBXProject "Running2WinGroupTimer" */ = {
			isa = XCConfigurationList;
			buildConfigurations = (
				FDE8F5D32181144800E56B93 /* Debug */,
				FDE8F5D42181144800E56B93 /* Release */,
			);
			defaultConfigurationIsVisible = 0;
			defaultConfigurationName = Release;
		};
		FDE8F5D52181144800E56B93 /* Build configuration list for PBXNativeTarget "Running2WinGroupTimer" */ = {
			isa = XCConfigurationList;
			buildConfigurations = (
				FDE8F5D62181144800E56B93 /* Debug */,
				FDE8F5D72181144800E56B93 /* Release */,
			);
			defaultConfigurationIsVisible = 0;
			defaultConfigurationName = Release;
		};
		FDE8F5D82181144800E56B93 /* Build configuration list for PBXNativeTarget "Running2WinGroupTimerTests" */ = {
			isa = XCConfigurationList;
			buildConfigurations = (
				FDE8F5D92181144800E56B93 /* Debug */,
				FDE8F5DA2181144800E56B93 /* Release */,
			);
			defaultConfigurationIsVisible = 0;
			defaultConfigurationName = Release;
		};
/* End XCConfigurationList section */
	};
	rootObject = FDE8F5B02181144600E56B93 /* Project object */;
}
